
Microsoft Visual Studio Solution File, Format Version 12.00
# Visual Studio Version 16
VisualStudioVersion = 16.0.30413.136
MinimumVisualStudioVersion = 10.0.40219.1
Project("{FAE04EC0-301F-11D3-BF4B-00C04F79EFBC}") = "QuantumStepQubits", "QuantumStepQubits\QuantumStepQubits.csproj", "{AB32A328-EE4D-4F3D-A3CF-C85E1DB7B431}"
EndProject
Global
	GlobalSection(SolutionConfigurationPlatforms) = preSolution
		Debug|Any CPU = Debug|Any CPU
		Release|Any CPU = Release|Any CPU
	EndGlobalSection
	GlobalSection(ProjectConfigurationPlatforms) = postSolution
		{AB32A328-EE4D-4F3D-A3CF-C85E1DB7B431}.Debug|Any CPU.ActiveCfg = Debug|Any CPU
		{AB32A328-EE4D-4F3D-A3CF-C85E1DB7B431}.Debug|Any CPU.Build.0 = Debug|Any CPU
		{AB32A328-EE4D-4F3D-A3CF-C85E1DB7B431}.Release|Any CPU.ActiveCfg = Release|Any CPU
		{AB32A328-EE4D-4F3D-A3CF-C85E1DB7B431}.Release|Any CPU.Build.0 = Release|Any CPU
	EndGlobalSection
	GlobalSection(SolutionProperties) = preSolution
		HideSolutionNode = FALSE
	EndGlobalSection
	GlobalSection(ExtensibilityGlobals) = postSolution
		SolutionGuid = {7E066FCE-2419-4EBA-953A-3359738E00BA}
	EndGlobalSection
EndGlobal
